
Microsoft Visual Studio Solution File, Format Version 12.00
# Visual Studio 2013
VisualStudioVersion = 12.0.21005.1
MinimumVisualStudioVersion = 10.0.40219.1
Project("{FAE04EC0-301F-11D3-BF4B-00C04F79EFBC}") = "Demonstrating_repetition_2", "Demonstrating_repetition_2\Demonstrating_repetition_2.csproj", "{CDC2EC9E-2A1E-4D47-B56F-547BF50BCA8D}"
EndProject
Global
	GlobalSection(SolutionConfigurationPlatforms) = preSolution
		Debug|Any CPU = Debug|Any CPU
		Release|Any CPU = Release|Any CPU
	EndGlobalSection
	GlobalSection(ProjectConfigurationPlatforms) = postSolution
		{CDC2EC9E-2A1E-4D47-B56F-547BF50BCA8D}.Debug|Any CPU.ActiveCfg = Debug|Any CPU
		{CDC2EC9E-2A1E-4D47-B56F-547BF50BCA8D}.Debug|Any CPU.Build.0 = Debug|Any CPU
		{CDC2EC9E-2A1E-4D47-B56F-547BF50BCA8D}.Release|Any CPU.ActiveCfg = Release|Any CPU
		{CDC2EC9E-2A1E-4D47-B56F-547BF50BCA8D}.Release|Any CPU.Build.0 = Release|Any CPU
	EndGlobalSection
	GlobalSection(SolutionProperties) = preSolution
		HideSolutionNode = FALSE
	EndGlobalSection
EndGlobal
