
Microsoft Visual Studio Solution File, Format Version 12.00
# Visual Studio 2013
VisualStudioVersion = 12.0.21005.1
MinimumVisualStudioVersion = 10.0.40219.1
Project("{FAE04EC0-301F-11D3-BF4B-00C04F79EFBC}") = "MyBasic_Calc", "Win_Calc_GUI\MyBasic_Calc.csproj", "{168D97E0-9768-4ACE-B97C-714C8558EF78}"
EndProject
Global
	GlobalSection(SolutionConfigurationPlatforms) = preSolution
		Debug|Any CPU = Debug|Any CPU
		Release|Any CPU = Release|Any CPU
	EndGlobalSection
	GlobalSection(ProjectConfigurationPlatforms) = postSolution
		{168D97E0-9768-4ACE-B97C-714C8558EF78}.Debug|Any CPU.ActiveCfg = Debug|Any CPU
		{168D97E0-9768-4ACE-B97C-714C8558EF78}.Debug|Any CPU.Build.0 = Debug|Any CPU
		{168D97E0-9768-4ACE-B97C-714C8558EF78}.Release|Any CPU.ActiveCfg = Release|Any CPU
		{168D97E0-9768-4ACE-B97C-714C8558EF78}.Release|Any CPU.Build.0 = Release|Any CPU
	EndGlobalSection
	GlobalSection(SolutionProperties) = preSolution
		HideSolutionNode = FALSE
	EndGlobalSection
EndGlobal
