
Microsoft Visual Studio Solution File, Format Version 12.00
# Visual Studio 2013
VisualStudioVersion = 12.0.21005.1
MinimumVisualStudioVersion = 10.0.40219.1
Project("{FAE04EC0-301F-11D3-BF4B-00C04F79EFBC}") = "Abstract Classes", "Abstract Classes\Abstract Classes.csproj", "{812790A3-BC24-4185-8BED-825E2F7AE854}"
EndProject
Global
	GlobalSection(SolutionConfigurationPlatforms) = preSolution
		Debug|Any CPU = Debug|Any CPU
		Release|Any CPU = Release|Any CPU
	EndGlobalSection
	GlobalSection(ProjectConfigurationPlatforms) = postSolution
		{812790A3-BC24-4185-8BED-825E2F7AE854}.Debug|Any CPU.ActiveCfg = Debug|Any CPU
		{812790A3-BC24-4185-8BED-825E2F7AE854}.Debug|Any CPU.Build.0 = Debug|Any CPU
		{812790A3-BC24-4185-8BED-825E2F7AE854}.Release|Any CPU.ActiveCfg = Release|Any CPU
		{812790A3-BC24-4185-8BED-825E2F7AE854}.Release|Any CPU.Build.0 = Release|Any CPU
	EndGlobalSection
	GlobalSection(SolutionProperties) = preSolution
		HideSolutionNode = FALSE
	EndGlobalSection
EndGlobal
